
Microsoft Visual Studio Solution File, Format Version 11.00
# Visual Studio 2010
Project("{FAE04EC0-301F-11D3-BF4B-00C04F79EFBC}") = "KillProcess", "KillProcess\KillProcess.csproj", "{733E4EFD-0DF0-4651-B7D8-D44ABE1E1F50}"
EndProject
Project("{FAE04EC0-301F-11D3-BF4B-00C04F79EFBC}") = "ProcessHelper", "ProcessHelper\ProcessHelper.csproj", "{ECA87D04-B36A-49CC-96FB-EEE4019FFB4A}"
EndProject
Global
	GlobalSection(SolutionConfigurationPlatforms) = preSolution
		Debug|Any CPU = Debug|Any CPU
		Debug|Mixed Platforms = Debug|Mixed Platforms
		Debug|x86 = Debug|x86
		Release|Any CPU = Release|Any CPU
		Release|Mixed Platforms = Release|Mixed Platforms
		Release|x86 = Release|x86
	EndGlobalSection
	GlobalSection(ProjectConfigurationPlatforms) = postSolution
		{733E4EFD-0DF0-4651-B7D8-D44ABE1E1F50}.Debug|Any CPU.ActiveCfg = Debug|x86
		{733E4EFD-0DF0-4651-B7D8-D44ABE1E1F50}.Debug|Mixed Platforms.ActiveCfg = Debug|x86
		{733E4EFD-0DF0-4651-B7D8-D44ABE1E1F50}.Debug|Mixed Platforms.Build.0 = Debug|x86
		{733E4EFD-0DF0-4651-B7D8-D44ABE1E1F50}.Debug|x86.ActiveCfg = Debug|x86
		{733E4EFD-0DF0-4651-B7D8-D44ABE1E1F50}.Debug|x86.Build.0 = Debug|x86
		{733E4EFD-0DF0-4651-B7D8-D44ABE1E1F50}.Release|Any CPU.ActiveCfg = Release|x86
		{733E4EFD-0DF0-4651-B7D8-D44ABE1E1F50}.Release|Mixed Platforms.ActiveCfg = Release|x86
		{733E4EFD-0DF0-4651-B7D8-D44ABE1E1F50}.Release|Mixed Platforms.Build.0 = Release|x86
		{733E4EFD-0DF0-4651-B7D8-D44ABE1E1F50}.Release|x86.ActiveCfg = Release|x86
		{733E4EFD-0DF0-4651-B7D8-D44ABE1E1F50}.Release|x86.Build.0 = Release|x86
		{ECA87D04-B36A-49CC-96FB-EEE4019FFB4A}.Debug|Any CPU.ActiveCfg = Debug|Any CPU
		{ECA87D04-B36A-49CC-96FB-EEE4019FFB4A}.Debug|Any CPU.Build.0 = Debug|Any CPU
		{ECA87D04-B36A-49CC-96FB-EEE4019FFB4A}.Debug|Mixed Platforms.ActiveCfg = Debug|Any CPU
		{ECA87D04-B36A-49CC-96FB-EEE4019FFB4A}.Debug|Mixed Platforms.Build.0 = Debug|Any CPU
		{ECA87D04-B36A-49CC-96FB-EEE4019FFB4A}.Debug|x86.ActiveCfg = Debug|Any CPU
		{ECA87D04-B36A-49CC-96FB-EEE4019FFB4A}.Release|Any CPU.ActiveCfg = Release|Any CPU
		{ECA87D04-B36A-49CC-96FB-EEE4019FFB4A}.Release|Any CPU.Build.0 = Release|Any CPU
		{ECA87D04-B36A-49CC-96FB-EEE4019FFB4A}.Release|Mixed Platforms.ActiveCfg = Release|Any CPU
		{ECA87D04-B36A-49CC-96FB-EEE4019FFB4A}.Release|Mixed Platforms.Build.0 = Release|Any CPU
		{ECA87D04-B36A-49CC-96FB-EEE4019FFB4A}.Release|x86.ActiveCfg = Release|Any CPU
	EndGlobalSection
	GlobalSection(SolutionProperties) = preSolution
		HideSolutionNode = FALSE
	EndGlobalSection
EndGlobal
